// !$*UTF8*$!
{
	archiveVersion = 1;
	classes = {
	};
	objectVersion = 46;
	objects = {

/* Begin PBXBuildFile section */
		C568F7941F3CA22100646452 /* AppDelegate.swift in Sources */ = {isa = PBXBuildFile; fileRef = C568F7931F3CA22100646452 /* AppDelegate.swift */; };
		C568F79A1F3CA22100646452 /* GameScene.swift in Sources */ = {isa = PBXBuildFile; fileRef = C568F7991F3CA22100646452 /* GameScene.swift */; };
		C568F79C1F3CA22100646452 /* GameViewController.swift in Sources */ = {isa = PBXBuildFile; fileRef = C568F79B1F3CA22100646452 /* GameViewController.swift */; };
		C568F79F1F3CA22100646452 /* Main.storyboard in Resources */ = {isa = PBXBuildFile; fileRef = C568F79D1F3CA22100646452 /* Main.storyboard */; };
		C568F7A11F3CA22100646452 /* Assets.xcassets in Resources */ = {isa = PBXBuildFile; fileRef = C568F7A01F3CA22100646452 /* Assets.xcassets */; };
		C568F7A41F3CA22100646452 /* LaunchScreen.storyboard in Resources */ = {isa = PBXBuildFile; fileRef = C568F7A21F3CA22100646452 /* LaunchScreen.storyboard */; };
		C568F7AF1F3CA22100646452 /* MeatCrushTests.swift in Sources */ = {isa = PBXBuildFile; fileRef = C568F7AE1F3CA22100646452 /* MeatCrushTests.swift */; };
		C568F7BA1F3CA2FB00646452 /* Sprites.atlas in Resources */ = {isa = PBXBuildFile; fileRef = C568F7B91F3CA2FB00646452 /* Sprites.atlas */; };
		C568F7BC1F3CA46400646452 /* Cookie.swift in Sources */ = {isa = PBXBuildFile; fileRef = C568F7BB1F3CA46400646452 /* Cookie.swift */; };
		C568F7BE1F3CA5BD00646452 /* Array2D.swift in Sources */ = {isa = PBXBuildFile; fileRef = C568F7BD1F3CA5BD00646452 /* Array2D.swift */; };
		C568F7C01F3CA67C00646452 /* Level.swift in Sources */ = {isa = PBXBuildFile; fileRef = C568F7BF1F3CA67C00646452 /* Level.swift */; };
		C568F7C41F3CA9A900646452 /* Tile.swift in Sources */ = {isa = PBXBuildFile; fileRef = C568F7C31F3CA9A900646452 /* Tile.swift */; };
		C568F7C61F3CAB1000646452 /* JSONtoDict.swift in Sources */ = {isa = PBXBuildFile; fileRef = C568F7C51F3CAB1000646452 /* JSONtoDict.swift */; };
		C568F7C81F3CCA2E00646452 /* Levels in Resources */ = {isa = PBXBuildFile; fileRef = C568F7C71F3CCA2E00646452 /* Levels */; };
		C568F7CA1F3CDEB100646452 /* Swap.swift in Sources */ = {isa = PBXBuildFile; fileRef = C568F7C91F3CDEB100646452 /* Swap.swift */; };
		C568F7D21F3D1DB400646452 /* Chomp.wav in Resources */ = {isa = PBXBuildFile; fileRef = C568F7CC1F3D1DB400646452 /* Chomp.wav */; };
		C568F7D31F3D1DB400646452 /* Drip.wav in Resources */ = {isa = PBXBuildFile; fileRef = C568F7CD1F3D1DB400646452 /* Drip.wav */; };
		C568F7D41F3D1DB400646452 /* Error.wav in Resources */ = {isa = PBXBuildFile; fileRef = C568F7CE1F3D1DB400646452 /* Error.wav */; };
		C568F7D51F3D1DB400646452 /* Ka-Ching.wav in Resources */ = {isa = PBXBuildFile; fileRef = C568F7CF1F3D1DB400646452 /* Ka-Ching.wav */; };
		C568F7D61F3D1DB400646452 /* Mining by Moonlight.mp3 in Resources */ = {isa = PBXBuildFile; fileRef = C568F7D01F3D1DB400646452 /* Mining by Moonlight.mp3 */; };
		C568F7D71F3D1DB400646452 /* Scrape.wav in Resources */ = {isa = PBXBuildFile; fileRef = C568F7D11F3D1DB400646452 /* Scrape.wav */; };
		C5E7DF811F3D1FB60020E944 /* Chain.swift in Sources */ = {isa = PBXBuildFile; fileRef = C5E7DF801F3D1FB60020E944 /* Chain.swift */; };
		C5EB01CA1F3DFFEF0060F19D /* Grid.atlas in Resources */ = {isa = PBXBuildFile; fileRef = C5EB01C91F3DFFEF0060F19D /* Grid.atlas */; };
		C5EB01CD1F3E2DCC0060F19D /* Meats.atlas in Resources */ = {isa = PBXBuildFile; fileRef = C5EB01CC1F3E2DCC0060F19D /* Meats.atlas */; };
		C5EB01CF1F3F73CF0060F19D /* BoarsHead.png in Resources */ = {isa = PBXBuildFile; fileRef = C5EB01CE1F3F73CF0060F19D /* BoarsHead.png */; };
		C5EB01D11F3F75390060F19D /* BHLogo.png in Resources */ = {isa = PBXBuildFile; fileRef = C5EB01D01F3F75390060F19D /* BHLogo.png */; };
		C5EB01D31F3F75ED0060F19D /* BHLogo_BlackText.png in Resources */ = {isa = PBXBuildFile; fileRef = C5EB01D21F3F75ED0060F19D /* BHLogo_BlackText.png */; };
		C5EB01D51F3F7EDE0060F19D /* RecipeViewController.swift in Sources */ = {isa = PBXBuildFile; fileRef = C5EB01D41F3F7EDE0060F19D /* RecipeViewController.swift */; };
/* End PBXBuildFile section */

/* Begin PBXContainerItemProxy section */
		C568F7AB1F3CA22100646452 /* PBXContainerItemProxy */ = {
			isa = PBXContainerItemProxy;
			containerPortal = C568F7881F3CA22100646452 /* Project object */;
			proxyType = 1;
			remoteGlobalIDString = C568F78F1F3CA22100646452;
			remoteInfo = MeatCrush;
		};
/* End PBXContainerItemProxy section */

/* Begin PBXFileReference section */
		C568F7901F3CA22100646452 /* MeatCrush.app */ = {isa = PBXFileReference; explicitFileType = wrapper.application; includeInIndex = 0; path = MeatCrush.app; sourceTree = BUILT_PRODUCTS_DIR; };
		C568F7931F3CA22100646452 /* AppDelegate.swift */ = {isa = PBXFileReference; lastKnownFileType = sourcecode.swift; path = AppDelegate.swift; sourceTree = "<group>"; };
		C568F7991F3CA22100646452 /* GameScene.swift */ = {isa = PBXFileReference; lastKnownFileType = sourcecode.swift; path = GameScene.swift; sourceTree = "<group>"; };
		C568F79B1F3CA22100646452 /* GameViewController.swift */ = {isa = PBXFileReference; lastKnownFileType = sourcecode.swift; path = GameViewController.swift; sourceTree = "<group>"; };
		C568F79E1F3CA22100646452 /* Base */ = {isa = PBXFileReference; lastKnownFileType = file.storyboard; name = Base; path = Base.lproj/Main.storyboard; sourceTree = "<group>"; };
		C568F7A01F3CA22100646452 /* Assets.xcassets */ = {isa = PBXFileReference; lastKnownFileType = folder.assetcatalog; path = Assets.xcassets; sourceTree = "<group>"; };
		C568F7A31F3CA22100646452 /* Base */ = {isa = PBXFileReference; lastKnownFileType = file.storyboard; name = Base; path = Base.lproj/LaunchScreen.storyboard; sourceTree = "<group>"; };
		C568F7A51F3CA22100646452 /* Info.plist */ = {isa = PBXFileReference; lastKnownFileType = text.plist.xml; path = Info.plist; sourceTree = "<group>"; };
		C568F7AA1F3CA22100646452 /* MeatCrushTests.xctest */ = {isa = PBXFileReference; explicitFileType = wrapper.cfbundle; includeInIndex = 0; path = MeatCrushTests.xctest; sourceTree = BUILT_PRODUCTS_DIR; };
		C568F7AE1F3CA22100646452 /* MeatCrushTests.swift */ = {isa = PBXFileReference; lastKnownFileType = sourcecode.swift; path = MeatCrushTests.swift; sourceTree = "<group>"; };
		C568F7B01F3CA22100646452 /* Info.plist */ = {isa = PBXFileReference; lastKnownFileType = text.plist.xml; path = Info.plist; sourceTree = "<group>"; };
		C568F7B91F3CA2FB00646452 /* Sprites.atlas */ = {isa = PBXFileReference; lastKnownFileType = folder.skatlas; name = Sprites.atlas; path = ../../../Downloads/Resources/Sprites.atlas; sourceTree = "<group>"; };
		C568F7BB1F3CA46400646452 /* Cookie.swift */ = {isa = PBXFileReference; fileEncoding = 4; lastKnownFileType = sourcecode.swift; path = Cookie.swift; sourceTree = "<group>"; };
		C568F7BD1F3CA5BD00646452 /* Array2D.swift */ = {isa = PBXFileReference; fileEncoding = 4; lastKnownFileType = sourcecode.swift; path = Array2D.swift; sourceTree = "<group>"; };
		C568F7BF1F3CA67C00646452 /* Level.swift */ = {isa = PBXFileReference; fileEncoding = 4; lastKnownFileType = sourcecode.swift; path = Level.swift; sourceTree = "<group>"; };
		C568F7C31F3CA9A900646452 /* Tile.swift */ = {isa = PBXFileReference; fileEncoding = 4; lastKnownFileType = sourcecode.swift; name = Tile.swift; path = ../Tile.swift; sourceTree = "<group>"; };
		C568F7C51F3CAB1000646452 /* JSONtoDict.swift */ = {isa = PBXFileReference; fileEncoding = 4; lastKnownFileType = sourcecode.swift; path = JSONtoDict.swift; sourceTree = "<group>"; };
		C568F7C71F3CCA2E00646452 /* Levels */ = {isa = PBXFileReference; lastKnownFileType = folder; path = Levels; sourceTree = "<group>"; };
		C568F7C91F3CDEB100646452 /* Swap.swift */ = {isa = PBXFileReference; fileEncoding = 4; lastKnownFileType = sourcecode.swift; name = Swap.swift; path = ../Swap.swift; sourceTree = "<group>"; };
		C568F7CC1F3D1DB400646452 /* Chomp.wav */ = {isa = PBXFileReference; lastKnownFileType = audio.wav; path = Chomp.wav; sourceTree = "<group>"; };
		C568F7CD1F3D1DB400646452 /* Drip.wav */ = {isa = PBXFileReference; lastKnownFileType = audio.wav; path = Drip.wav; sourceTree = "<group>"; };
		C568F7CE1F3D1DB400646452 /* Error.wav */ = {isa = PBXFileReference; lastKnownFileType = audio.wav; path = Error.wav; sourceTree = "<group>"; };
		C568F7CF1F3D1DB400646452 /* Ka-Ching.wav */ = {isa = PBXFileReference; lastKnownFileType = audio.wav; path = "Ka-Ching.wav"; sourceTree = "<group>"; };
		C568F7D01F3D1DB400646452 /* Mining by Moonlight.mp3 */ = {isa = PBXFileReference; lastKnownFileType = audio.mp3; path = "Mining by Moonlight.mp3"; sourceTree = "<group>"; };
		C568F7D11F3D1DB400646452 /* Scrape.wav */ = {isa = PBXFileReference; lastKnownFileType = audio.wav; path = Scrape.wav; sourceTree = "<group>"; };
		C5E7DF801F3D1FB60020E944 /* Chain.swift */ = {isa = PBXFileReference; fileEncoding = 4; lastKnownFileType = sourcecode.swift; path = Chain.swift; sourceTree = "<group>"; };
		C5EB01C91F3DFFEF0060F19D /* Grid.atlas */ = {isa = PBXFileReference; lastKnownFileType = folder.skatlas; path = Grid.atlas; sourceTree = "<group>"; };
		C5EB01CC1F3E2DCC0060F19D /* Meats.atlas */ = {isa = PBXFileReference; lastKnownFileType = folder.skatlas; path = Meats.atlas; sourceTree = "<group>"; };
		C5EB01CE1F3F73CF0060F19D /* BoarsHead.png */ = {isa = PBXFileReference; lastKnownFileType = image.png; path = BoarsHead.png; sourceTree = "<group>"; };
		C5EB01D01F3F75390060F19D /* BHLogo.png */ = {isa = PBXFileReference; lastKnownFileType = image.png; path = BHLogo.png; sourceTree = "<group>"; };
		C5EB01D21F3F75ED0060F19D /* BHLogo_BlackText.png */ = {isa = PBXFileReference; lastKnownFileType = image.png; path = BHLogo_BlackText.png; sourceTree = "<group>"; };
		C5EB01D41F3F7EDE0060F19D /* RecipeViewController.swift */ = {isa = PBXFileReference; fileEncoding = 4; lastKnownFileType = sourcecode.swift; path = RecipeViewController.swift; sourceTree = "<group>"; };
/* End PBXFileReference section */

/* Begin PBXFrameworksBuildPhase section */
		C568F78D1F3CA22100646452 /* Frameworks */ = {
			isa = PBXFrameworksBuildPhase;
			buildActionMask = 2147483647;
			files = (
			);
			runOnlyForDeploymentPostprocessing = 0;
		};
		C568F7A71F3CA22100646452 /* Frameworks */ = {
			isa = PBXFrameworksBuildPhase;
			buildActionMask = 2147483647;
			files = (
			);
			runOnlyForDeploymentPostprocessing = 0;
		};
/* End PBXFrameworksBuildPhase section */

/* Begin PBXGroup section */
		C568F7871F3CA22100646452 = {
			isa = PBXGroup;
			children = (
				C568F7921F3CA22100646452 /* MeatCrush */,
				C568F7AD1F3CA22100646452 /* MeatCrushTests */,
				C568F7911F3CA22100646452 /* Products */,
			);
			sourceTree = "<group>";
		};
		C568F7911F3CA22100646452 /* Products */ = {
			isa = PBXGroup;
			children = (
				C568F7901F3CA22100646452 /* MeatCrush.app */,
				C568F7AA1F3CA22100646452 /* MeatCrushTests.xctest */,
			);
			name = Products;
			sourceTree = "<group>";
		};
		C568F7921F3CA22100646452 /* MeatCrush */ = {
			isa = PBXGroup;
			children = (
				C568F7931F3CA22100646452 /* AppDelegate.swift */,
				C568F79B1F3CA22100646452 /* GameViewController.swift */,
				C5E7DF801F3D1FB60020E944 /* Chain.swift */,
				C5EB01D41F3F7EDE0060F19D /* RecipeViewController.swift */,
				C568F7991F3CA22100646452 /* GameScene.swift */,
				C568F7BB1F3CA46400646452 /* Cookie.swift */,
				C5EB01CE1F3F73CF0060F19D /* BoarsHead.png */,
				C5EB01D01F3F75390060F19D /* BHLogo.png */,
				C5EB01D21F3F75ED0060F19D /* BHLogo_BlackText.png */,
				C568F7C91F3CDEB100646452 /* Swap.swift */,
				C568F7BF1F3CA67C00646452 /* Level.swift */,
				C568F7C51F3CAB1000646452 /* JSONtoDict.swift */,
				C568F7BD1F3CA5BD00646452 /* Array2D.swift */,
				C568F7C31F3CA9A900646452 /* Tile.swift */,
				C568F7A01F3CA22100646452 /* Assets.xcassets */,
				C5EB01C91F3DFFEF0060F19D /* Grid.atlas */,
				C568F7CB1F3D1DB400646452 /* Sounds */,
				C568F7C71F3CCA2E00646452 /* Levels */,
				C5EB01CC1F3E2DCC0060F19D /* Meats.atlas */,
				C568F7B91F3CA2FB00646452 /* Sprites.atlas */,
				C568F7A21F3CA22100646452 /* LaunchScreen.storyboard */,
				C568F79D1F3CA22100646452 /* Main.storyboard */,
				C568F7A51F3CA22100646452 /* Info.plist */,
			);
			path = MeatCrush;
			sourceTree = "<group>";
		};
		C568F7AD1F3CA22100646452 /* MeatCrushTests */ = {
			isa = PBXGroup;
			children = (
				C568F7AE1F3CA22100646452 /* MeatCrushTests.swift */,
				C568F7B01F3CA22100646452 /* Info.plist */,
			);
			path = MeatCrushTests;
			sourceTree = "<group>";
		};
		C568F7CB1F3D1DB400646452 /* Sounds */ = {
			isa = PBXGroup;
			children = (
				C568F7CC1F3D1DB400646452 /* Chomp.wav */,
				C568F7CD1F3D1DB400646452 /* Drip.wav */,
				C568F7CE1F3D1DB400646452 /* Error.wav */,
				C568F7CF1F3D1DB400646452 /* Ka-Ching.wav */,
				C568F7D01F3D1DB400646452 /* Mining by Moonlight.mp3 */,
				C568F7D11F3D1DB400646452 /* Scrape.wav */,
			);
			path = Sounds;
			sourceTree = "<group>";
		};
/* End PBXGroup section */

/* Begin PBXNativeTarget section */
		C568F78F1F3CA22100646452 /* MeatCrush */ = {
			isa = PBXNativeTarget;
			buildConfigurationList = C568F7B31F3CA22100646452 /* Build configuration list for PBXNativeTarget "MeatCrush" */;
			buildPhases = (
				C568F78C1F3CA22100646452 /* Sources */,
				C568F78D1F3CA22100646452 /* Frameworks */,
				C568F78E1F3CA22100646452 /* Resources */,
			);
			buildRules = (
			);
			dependencies = (
			);
			name = MeatCrush;
			productName = MeatCrush;
			productReference = C568F7901F3CA22100646452 /* MeatCrush.app */;
			productType = "com.apple.product-type.application";
		};
		C568F7A91F3CA22100646452 /* MeatCrushTests */ = {
			isa = PBXNativeTarget;
			buildConfigurationList = C568F7B61F3CA22100646452 /* Build configuration list for PBXNativeTarget "MeatCrushTests" */;
			buildPhases = (
				C568F7A61F3CA22100646452 /* Sources */,
				C568F7A71F3CA22100646452 /* Frameworks */,
				C568F7A81F3CA22100646452 /* Resources */,
			);
			buildRules = (
			);
			dependencies = (
				C568F7AC1F3CA22100646452 /* PBXTargetDependency */,
			);
			name = MeatCrushTests;
			productName = MeatCrushTests;
			productReference = C568F7AA1F3CA22100646452 /* MeatCrushTests.xctest */;
			productType = "com.apple.product-type.bundle.unit-test";
		};
/* End PBXNativeTarget section */

/* Begin PBXProject section */
		C568F7881F3CA22100646452 /* Project object */ = {
			isa = PBXProject;
			attributes = {
				LastSwiftUpdateCheck = 0830;
				LastUpgradeCheck = 0830;
				ORGANIZATIONNAME = "Ryan Dines";
				TargetAttributes = {
					C568F78F1F3CA22100646452 = {
						CreatedOnToolsVersion = 8.3.3;
						DevelopmentTeam = 35WYFGA6T2;
						ProvisioningStyle = Automatic;
					};
					C568F7A91F3CA22100646452 = {
						CreatedOnToolsVersion = 8.3.3;
						DevelopmentTeam = 35WYFGA6T2;
						ProvisioningStyle = Automatic;
						TestTargetID = C568F78F1F3CA22100646452;
					};
				};
			};
			buildConfigurationList = C568F78B1F3CA22100646452 /* Build configuration list for PBXProject "MeatCrush" */;
			compatibilityVersion = "Xcode 3.2";
			developmentRegion = English;
			hasScannedForEncodings = 0;
			knownRegions = (
				en,
				Base,
			);
			mainGroup = C568F7871F3CA22100646452;
			productRefGroup = C568F7911F3CA22100646452 /* Products */;
			projectDirPath = "";
			projectRoot = "";
			targets = (
				C568F78F1F3CA22100646452 /* MeatCrush */,
				C568F7A91F3CA22100646452 /* MeatCrushTests */,
			);
		};
/* End PBXProject section */

/* Begin PBXResourcesBuildPhase section */
		C568F78E1F3CA22100646452 /* Resources */ = {
			isa = PBXResourcesBuildPhase;
			buildActionMask = 2147483647;
			files = (
				C568F7C81F3CCA2E00646452 /* Levels in Resources */,
				C568F7D31F3D1DB400646452 /* Drip.wav in Resources */,
				C568F7BA1F3CA2FB00646452 /* Sprites.atlas in Resources */,
				C5EB01D31F3F75ED0060F19D /* BHLogo_BlackText.png in Resources */,
				C568F7D61F3D1DB400646452 /* Mining by Moonlight.mp3 in Resources */,
				C568F7D71F3D1DB400646452 /* Scrape.wav in Resources */,
				C568F79F1F3CA22100646452 /* Main.storyboard in Resources */,
				C568F7A11F3CA22100646452 /* Assets.xcassets in Resources */,
				C5EB01CA1F3DFFEF0060F19D /* Grid.atlas in Resources */,
				C5EB01D11F3F75390060F19D /* BHLogo.png in Resources */,
				C568F7D51F3D1DB400646452 /* Ka-Ching.wav in Resources */,
				C5EB01CF1F3F73CF0060F19D /* BoarsHead.png in Resources */,
				C5EB01CD1F3E2DCC0060F19D /* Meats.atlas in Resources */,
				C568F7D21F3D1DB400646452 /* Chomp.wav in Resources */,
				C568F7A41F3CA22100646452 /* LaunchScreen.storyboard in Resources */,
				C568F7D41F3D1DB400646452 /* Error.wav in Resources */,
			);
			runOnlyForDeploymentPostprocessing = 0;
		};
		C568F7A81F3CA22100646452 /* Resources */ = {
			isa = PBXResourcesBuildPhase;
			buildActionMask = 2147483647;
			files = (
			);
			runOnlyForDeploymentPostprocessing = 0;
		};
/* End PBXResourcesBuildPhase section */

/* Begin PBXSourcesBuildPhase section */
		C568F78C1F3CA22100646452 /* Sources */ = {
			isa = PBXSourcesBuildPhase;
			buildActionMask = 2147483647;
			files = (
				C568F7C01F3CA67C00646452 /* Level.swift in Sources */,
				C568F79A1F3CA22100646452 /* GameScene.swift in Sources */,
				C568F7BC1F3CA46400646452 /* Cookie.swift in Sources */,
				C568F7C41F3CA9A900646452 /* Tile.swift in Sources */,
				C568F7C61F3CAB1000646452 /* JSONtoDict.swift in Sources */,
				C5EB01D51F3F7EDE0060F19D /* RecipeViewController.swift in Sources */,
				C5E7DF811F3D1FB60020E944 /* Chain.swift in Sources */,
				C568F79C1F3CA22100646452 /* GameViewController.swift in Sources */,
				C568F7941F3CA22100646452 /* AppDelegate.swift in Sources */,
				C568F7BE1F3CA5BD00646452 /* Array2D.swift in Sources */,
				C568F7CA1F3CDEB100646452 /* Swap.swift in Sources */,
			);
			runOnlyForDeploymentPostprocessing = 0;
		};
		C568F7A61F3CA22100646452 /* Sources */ = {
			isa = PBXSourcesBuildPhase;
			buildActionMask = 2147483647;
			files = (
				C568F7AF1F3CA22100646452 /* MeatCrushTests.swift in Sources */,
			);
			runOnlyForDeploymentPostprocessing = 0;
		};
/* End PBXSourcesBuildPhase section */

/* Begin PBXTargetDependency section */
		C568F7AC1F3CA22100646452 /* PBXTargetDependency */ = {
			isa = PBXTargetDependency;
			target = C568F78F1F3CA22100646452 /* MeatCrush */;
			targetProxy = C568F7AB1F3CA22100646452 /* PBXContainerItemProxy */;
		};
/* End PBXTargetDependency section */

/* Begin PBXVariantGroup section */
		C568F79D1F3CA22100646452 /* Main.storyboard */ = {
			isa = PBXVariantGroup;
			children = (
				C568F79E1F3CA22100646452 /* Base */,
			);
			name = Main.storyboard;
			sourceTree = "<group>";
		};
		C568F7A21F3CA22100646452 /* LaunchScreen.storyboard */ = {
			isa = PBXVariantGroup;
			children = (
				C568F7A31F3CA22100646452 /* Base */,
			);
			name = LaunchScreen.storyboard;
			sourceTree = "<group>";
		};
/* End PBXVariantGroup section */

/* Begin XCBuildConfiguration section */
		C568F7B11F3CA22100646452 /* Debug */ = {
			isa = XCBuildConfiguration;
			buildSettings = {
				ALWAYS_SEARCH_USER_PATHS = NO;
				CLANG_ANALYZER_NONNULL = YES;
				CLANG_ANALYZER_NUMBER_OBJECT_CONVERSION = YES_AGGRESSIVE;
				CLANG_CXX_LANGUAGE_STANDARD = "gnu++0x";
				CLANG_CXX_LIBRARY = "libc++";
				CLANG_ENABLE_MODULES = YES;
				CLANG_ENABLE_OBJC_ARC = YES;
				CLANG_WARN_BOOL_CONVERSION = YES;
				CLANG_WARN_CONSTANT_CONVERSION = YES;
				CLANG_WARN_DIRECT_OBJC_ISA_USAGE = YES_ERROR;
				CLANG_WARN_DOCUMENTATION_COMMENTS = YES;
				CLANG_WARN_EMPTY_BODY = YES;
				CLANG_WARN_ENUM_CONVERSION = YES;
				CLANG_WARN_INFINITE_RECURSION = YES;
				CLANG_WARN_INT_CONVERSION = YES;
				CLANG_WARN_OBJC_ROOT_CLASS = YES_ERROR;
				CLANG_WARN_SUSPICIOUS_MOVE = YES;
				CLANG_WARN_UNREACHABLE_CODE = YES;
				CLANG_WARN__DUPLICATE_METHOD_MATCH = YES;
				"CODE_SIGN_IDENTITY[sdk=iphoneos*]" = "iPhone Developer";
				COPY_PHASE_STRIP = NO;
				DEBUG_INFORMATION_FORMAT = dwarf;
				ENABLE_STRICT_OBJC_MSGSEND = YES;
				ENABLE_TESTABILITY = YES;
				GCC_C_LANGUAGE_STANDARD = gnu99;
				GCC_DYNAMIC_NO_PIC = NO;
				GCC_NO_COMMON_BLOCKS = YES;
				GCC_OPTIMIZATION_LEVEL = 0;
				GCC_PREPROCESSOR_DEFINITIONS = (
					"DEBUG=1",
					"$(inherited)",
				);
				GCC_WARN_64_TO_32_BIT_CONVERSION = YES;
				GCC_WARN_ABOUT_RETURN_TYPE = YES_ERROR;
				GCC_WARN_UNDECLARED_SELECTOR = YES;
				GCC_WARN_UNINITIALIZED_AUTOS = YES_AGGRESSIVE;
				GCC_WARN_UNUSED_FUNCTION = YES;
				GCC_WARN_UNUSED_VARIABLE = YES;
				IPHONEOS_DEPLOYMENT_TARGET = 10.3;
				MTL_ENABLE_DEBUG_INFO = YES;
				ONLY_ACTIVE_ARCH = YES;
				SDKROOT = iphoneos;
				SWIFT_ACTIVE_COMPILATION_CONDITIONS = DEBUG;
				SWIFT_OPTIMIZATION_LEVEL = "-Onone";
				TARGETED_DEVICE_FAMILY = "1,2";
			};
			name = Debug;
		};
		C568F7B21F3CA22100646452 /* Release */ = {
			isa = XCBuildConfiguration;
			buildSettings = {
				ALWAYS_SEARCH_USER_PATHS = NO;
				CLANG_ANALYZER_NONNULL = YES;
				CLANG_ANALYZER_NUMBER_OBJECT_CONVERSION = YES_AGGRESSIVE;
				CLANG_CXX_LANGUAGE_STANDARD = "gnu++0x";
				CLANG_CXX_LIBRARY = "libc++";
				CLANG_ENABLE_MODULES = YES;
				CLANG_ENABLE_OBJC_ARC = YES;
				CLANG_WARN_BOOL_CONVERSION = YES;
				CLANG_WARN_CONSTANT_CONVERSION = YES;
				CLANG_WARN_DIRECT_OBJC_ISA_USAGE = YES_ERROR;
				CLANG_WARN_DOCUMENTATION_COMMENTS = YES;
				CLANG_WARN_EMPTY_BODY = YES;
				CLANG_WARN_ENUM_CONVERSION = YES;
				CLANG_WARN_INFINITE_RECURSION = YES;
				CLANG_WARN_INT_CONVERSION = YES;
				CLANG_WARN_OBJC_ROOT_CLASS = YES_ERROR;
				CLANG_WARN_SUSPICIOUS_MOVE = YES;
				CLANG_WARN_UNREACHABLE_CODE = YES;
				CLANG_WARN__DUPLICATE_METHOD_MATCH = YES;
				"CODE_SIGN_IDENTITY[sdk=iphoneos*]" = "iPhone Developer";
				COPY_PHASE_STRIP = NO;
				DEBUG_INFORMATION_FORMAT = "dwarf-with-dsym";
				ENABLE_NS_ASSERTIONS = NO;
				ENABLE_STRICT_OBJC_MSGSEND = YES;
				GCC_C_LANGUAGE_STANDARD = gnu99;
				GCC_NO_COMMON_BLOCKS = YES;
				GCC_WARN_64_TO_32_BIT_CONVERSION = YES;
				GCC_WARN_ABOUT_RETURN_TYPE = YES_ERROR;
				GCC_WARN_UNDECLARED_SELECTOR = YES;
				GCC_WARN_UNINITIALIZED_AUTOS = YES_AGGRESSIVE;
				GCC_WARN_UNUSED_FUNCTION = YES;
				GCC_WARN_UNUSED_VARIABLE = YES;
				IPHONEOS_DEPLOYMENT_TARGET = 10.3;
				MTL_ENABLE_DEBUG_INFO = NO;
				SDKROOT = iphoneos;
				SWIFT_OPTIMIZATION_LEVEL = "-Owholemodule";
				TARGETED_DEVICE_FAMILY = "1,2";
				VALIDATE_PRODUCT = YES;
			};
			name = Release;
		};
		C568F7B41F3CA22100646452 /* Debug */ = {
			isa = XCBuildConfiguration;
			buildSettings = {
				ASSETCATALOG_COMPILER_APPICON_NAME = AppIcon;
				DEVELOPMENT_TEAM = 35WYFGA6T2;
				INFOPLIST_FILE = MeatCrush/Info.plist;
				LD_RUNPATH_SEARCH_PATHS = "$(inherited) @executable_path/Frameworks";
				PRODUCT_BUNDLE_IDENTIFIER = com.dimez.MeatCrush;
				PRODUCT_NAME = "$(TARGET_NAME)";
				SWIFT_VERSION = 3.0;
			};
			name = Debug;
		};
		C568F7B51F3CA22100646452 /* Release */ = {
			isa = XCBuildConfiguration;
			buildSettings = {
				ASSETCATALOG_COMPILER_APPICON_NAME = AppIcon;
				DEVELOPMENT_TEAM = 35WYFGA6T2;
				INFOPLIST_FILE = MeatCrush/Info.plist;
				LD_RUNPATH_SEARCH_PATHS = "$(inherited) @executable_path/Frameworks";
				PRODUCT_BUNDLE_IDENTIFIER = com.dimez.MeatCrush;
				PRODUCT_NAME = "$(TARGET_NAME)";
				SWIFT_VERSION = 3.0;
			};
			name = Release;
		};
		C568F7B71F3CA22100646452 /* Debug */ = {
			isa = XCBuildConfiguration;
			buildSettings = {
				ALWAYS_EMBED_SWIFT_STANDARD_LIBRARIES = YES;
				BUNDLE_LOADER = "$(TEST_HOST)";
				DEVELOPMENT_TEAM = 35WYFGA6T2;
				INFOPLIST_FILE = MeatCrushTests/Info.plist;
				LD_RUNPATH_SEARCH_PATHS = "$(inherited) @executable_path/Frameworks @loader_path/Frameworks";
				PRODUCT_BUNDLE_IDENTIFIER = com.dimez.MeatCrushTests;
				PRODUCT_NAME = "$(TARGET_NAME)";
				SWIFT_VERSION = 3.0;
				TEST_HOST = "$(BUILT_PRODUCTS_DIR)/MeatCrush.app/MeatCrush";
			};
			name = Debug;
		};
		C568F7B81F3CA22100646452 /* Release */ = {
			isa = XCBuildConfiguration;
			buildSettings = {
				ALWAYS_EMBED_SWIFT_STANDARD_LIBRARIES = YES;
				BUNDLE_LOADER = "$(TEST_HOST)";
				DEVELOPMENT_TEAM = 35WYFGA6T2;
				INFOPLIST_FILE = MeatCrushTests/Info.plist;
				LD_RUNPATH_SEARCH_PATHS = "$(inherited) @executable_path/Frameworks @loader_path/Frameworks";
				PRODUCT_BUNDLE_IDENTIFIER = com.dimez.MeatCrushTests;
				PRODUCT_NAME = "$(TARGET_NAME)";
				SWIFT_VERSION = 3.0;
				TEST_HOST = "$(BUILT_PRODUCTS_DIR)/MeatCrush.app/MeatCrush";
			};
			name = Release;
		};
/* End XCBuildConfiguration section */

/* Begin XCConfigurationList section */
		C568F78B1F3CA22100646452 /* Build configuration list for PBXProject "MeatCrush" */ = {
			isa = XCConfigurationList;
			buildConfigurations = (
				C568F7B11F3CA22100646452 /* Debug */,
				C568F7B21F3CA22100646452 /* Release */,
			);
			defaultConfigurationIsVisible = 0;
			defaultConfigurationName = Release;
		};
		C568F7B31F3CA22100646452 /* Build configuration list for PBXNativeTarget "MeatCrush" */ = {
			isa = XCConfigurationList;
			buildConfigurations = (
				C568F7B41F3CA22100646452 /* Debug */,
				C568F7B51F3CA22100646452 /* Release */,
			);
			defaultConfigurationIsVisible = 0;
			defaultConfigurationName = Release;
		};
		C568F7B61F3CA22100646452 /* Build configuration list for PBXNativeTarget "MeatCrushTests" */ = {
			isa = XCConfigurationList;
			buildConfigurations = (
				C568F7B71F3CA22100646452 /* Debug */,
				C568F7B81F3CA22100646452 /* Release */,
			);
			defaultConfigurationIsVisible = 0;
			defaultConfigurationName = Release;
		};
/* End XCConfigurationList section */
	};
	rootObject = C568F7881F3CA22100646452 /* Project object */;
}
